Microsoft Visual Studio Solution File, Format Version 12.00
# Visual Studio 15
VisualStudioVersion = 15.0.26730.10
MinimumVisualStudioVersion = 10.0.40219.1
Project("{FAE04EC0-301F-11D3-BF4B-00C04F79EFBC}") = "Punchclock", "Punchclock\Punchclock.csproj", "{D3D5E08E-2DAA-4C14-BDF1-C15BD81247F5}"
EndProject
Project("{FAE04EC0-301F-11D3-BF4B-00C04F79EFBC}") = "Punchclock.Tests", "Punchclock.Tests\Punchclock.Tests.csproj", "{1966B9AC-F962-4AAD-9B17-E581D12619A1}"
EndProject
Global
	GlobalSection(SolutionConfigurationPlatforms) = preSolution
		Debug|Any CPU = Debug|Any CPU
		Release|Any CPU = Release|Any CPU
	EndGlobalSection
	GlobalSection(ProjectConfigurationPlatforms) = postSolution
		{D3D5E08E-2DAA-4C14-BDF1-C15BD81247F5}.Debug|Any CPU.ActiveCfg = Debug|Any CPU
		{D3D5E08E-2DAA-4C14-BDF1-C15BD81247F5}.Debug|Any CPU.Build.0 = Debug|Any CPU
		{D3D5E08E-2DAA-4C14-BDF1-C15BD81247F5}.Release|Any CPU.ActiveCfg = Release|Any CPU
		{D3D5E08E-2DAA-4C14-BDF1-C15BD81247F5}.Release|Any CPU.Build.0 = Release|Any CPU
		{1966B9AC-F962-4AAD-9B17-E581D12619A1}.Debug|Any CPU.ActiveCfg = Debug|Any CPU
		{1966B9AC-F962-4AAD-9B17-E581D12619A1}.Debug|Any CPU.Build.0 = Debug|Any CPU
		{1966B9AC-F962-4AAD-9B17-E581D12619A1}.Release|Any CPU.ActiveCfg = Release|Any CPU
		{1966B9AC-F962-4AAD-9B17-E581D12619A1}.Release|Any CPU.Build.0 = Release|Any CPU
	EndGlobalSection
	GlobalSection(SolutionProperties) = preSolution
		HideSolutionNode = FALSE
	EndGlobalSection
	GlobalSection(ExtensibilityGlobals) = postSolution
		SolutionGuid = {5CDD70E5-DB77-4301-8EB4-706CCACF4459}
	EndGlobalSection
EndGlobal
